<?xml version="1.0" encoding="utf-8"?>
<Project ToolsVersion="4.0" xmlns="http://schemas.microsoft.com/developer/msbuild/2003">
  <ItemGroup>
    <Filter Include="Core">
      <UniqueIdentifier>{a37346d4-7a27-4c13-ad56-9757439a85d8}</UniqueIdentifier>
    </Filter>
    <Filter Include="Utils">
      <UniqueIdentifier>{cb5beb90-6142-419b-bc63-20ad2a244538}</UniqueIdentifier>
    </Filter>
    <Filter Include="Shaders">
      <UniqueIdentifier>{67DA6AB6-F800-4c08-8B7A-83BB121AAD01}</UniqueIdentifier>
      <Extensions>rc;ico;cur;bmp;dlg;rc2;rct;bin;rgs;gif;jpg;jpeg;jpe;resx;tiff;tif;png;wav;mfcribbon-ms</Extensions>
    </Filter>
    <Filter Include="Vendor">
      <UniqueIdentifier>{16716bfd-f2eb-4bea-bdea-4af4211fb664}</UniqueIdentifier>
    </Filter>
    <Filter Include="Vendor\ImGui">
      <UniqueIdentifier>{0a517d50-c235-47b2-bb85-a5411c6f8ed3}</UniqueIdentifier>
    </Filter>
  </ItemGroup>
  <ItemGroup>
    <ClCompile Include="Core\Engine.cpp">
      <Filter>Core</Filter>
    </ClCompile>
    <ClCompile Include="Core\Renderer.cpp">
      <Filter>Core</Filter>
    </ClCompile>
    <ClCompile Include="Utils\Helpers.cpp">
      <Filter>Utils</Filter>
    </ClCompile>
    <ClCompile Include="Utils\Initialisers.cpp">
      <Filter>Utils</Filter>
    </ClCompile>
    <ClCompile Include="main.cpp">
      <Filter>Core</Filter>
    </ClCompile>
    <ClCompile Include="Core\Pipeline.cpp">
      <Filter>Core</Filter>
    </ClCompile>
    <ClCompile Include="Core\Camera.cpp">
      <Filter>Core</Filter>
    </ClCompile>
    <ClCompile Include="Core\EventHandler.cpp">
      <Filter>Core</Filter>
    </ClCompile>
    <ClCompile Include="Core\InputHandler.cpp">
      <Filter>Core</Filter>
    </ClCompile>
    <ClCompile Include="Core\Mesh.cpp">
      <Filter>Core</Filter>
    </ClCompile>
    <ClCompile Include="Utils\GlobalTimer.cpp">
      <Filter>Core</Filter>
    </ClCompile>
    <ClCompile Include="Core\Texture.cpp">
      <Filter>Core</Filter>
    </ClCompile>
    <ClCompile Include="Vendor\imgui-docking\imgui.cpp">
      <Filter>Vendor\ImGui</Filter>
    </ClCompile>
    <ClCompile Include="Vendor\imgui-docking\imgui_demo.cpp">
      <Filter>Vendor\ImGui</Filter>
    </ClCompile>
    <ClCompile Include="Vendor\imgui-docking\imgui_draw.cpp">
      <Filter>Vendor\ImGui</Filter>
    </ClCompile>
    <ClCompile Include="Vendor\imgui-docking\imgui_impl_sdl2.cpp">
      <Filter>Vendor\ImGui</Filter>
    </ClCompile>
    <ClCompile Include="Vendor\imgui-docking\imgui_impl_vulkan.cpp">
      <Filter>Vendor\ImGui</Filter>
    </ClCompile>
    <ClCompile Include="Vendor\imgui-docking\imgui_tables.cpp">
      <Filter>Vendor\ImGui</Filter>
    </ClCompile>
    <ClCompile Include="Vendor\imgui-docking\imgui_widgets.cpp">
      <Filter>Vendor\ImGui</Filter>
    </ClCompile>
  </ItemGroup>
  <ItemGroup>
    <ClInclude Include="Core\Engine.h">
      <Filter>Core</Filter>
    </ClInclude>
    <ClInclude Include="Core\Renderer.h">
      <Filter>Core</Filter>
    </ClInclude>
    <ClInclude Include="Utils\Helpers.h">
      <Filter>Utils</Filter>
    </ClInclude>
    <ClInclude Include="Utils\Initialisers.h">
      <Filter>Utils</Filter>
    </ClInclude>
    <ClInclude Include="Utils\Types.h">
      <Filter>Utils</Filter>
    </ClInclude>
    <ClInclude Include="Core\Pipeline.h">
      <Filter>Core</Filter>
    </ClInclude>
    <ClInclude Include="Core\Camera.h">
      <Filter>Core</Filter>
    </ClInclude>
    <ClInclude Include="Core\EventHandler.h">
      <Filter>Core</Filter>
    </ClInclude>
    <ClInclude Include="Core\InputHandler.h">
      <Filter>Core</Filter>
    </ClInclude>
    <ClInclude Include="Utils\KeyCode.h">
      <Filter>Core</Filter>
    </ClInclude>
    <ClInclude Include="Core\Mesh.h">
      <Filter>Core</Filter>
    </ClInclude>
    <ClInclude Include="Utils\GlobalTimer.h">
      <Filter>Core</Filter>
    </ClInclude>
    <ClInclude Include="Utils\MouseCode.h">
      <Filter>Core</Filter>
    </ClInclude>
    <ClInclude Include="Core\Texture.h">
      <Filter>Core</Filter>
    </ClInclude>
    <ClInclude Include="Vendor\imgui-docking\imconfig.h">
      <Filter>Vendor\ImGui</Filter>
    </ClInclude>
    <ClInclude Include="Vendor\imgui-docking\imgui.h">
      <Filter>Vendor\ImGui</Filter>
    </ClInclude>
    <ClInclude Include="Vendor\imgui-docking\imgui_impl_sdl2.h">
      <Filter>Vendor\ImGui</Filter>
    </ClInclude>
    <ClInclude Include="Vendor\imgui-docking\imgui_impl_vulkan.h">
      <Filter>Vendor\ImGui</Filter>
    </ClInclude>
    <ClInclude Include="Vendor\imgui-docking\imgui_internal.h">
      <Filter>Vendor\ImGui</Filter>
    </ClInclude>
    <ClInclude Include="Vendor\imgui-docking\imstb_rectpack.h">
      <Filter>Vendor\ImGui</Filter>
    </ClInclude>
    <ClInclude Include="Vendor\imgui-docking\imstb_textedit.h">
      <Filter>Vendor\ImGui</Filter>
    </ClInclude>
    <ClInclude Include="Vendor\imgui-docking\imstb_truetype.h">
      <Filter>Vendor\ImGui</Filter>
    </ClInclude>
  </ItemGroup>
  <ItemGroup>
    <None Include="..\Shaders\helloTriangle.frag">
      <Filter>Shaders</Filter>
    </None>
    <None Include="..\Shaders\helloTriangle.vert">
      <Filter>Shaders</Filter>
    </None>
  </ItemGroup>
</Project>